
Microsoft Visual Studio Solution File, Format Version 12.00
# Visual Studio 2012
Project("{FAE04EC0-301F-11D3-BF4B-00C04F79EFBC}") = "DistCL.Client", "DistCL.Client\DistCL.Client.csproj", "{8EDBCA6F-7261-487F-BC63-B5B052676E2B}"
EndProject
Project("{FAE04EC0-301F-11D3-BF4B-00C04F79EFBC}") = "DistCL.Service", "DistCL.Service\DistCL.Service.csproj", "{766DFE57-93FF-460E-9FFB-594D8AEA897E}"
EndProject
Project("{FAE04EC0-301F-11D3-BF4B-00C04F79EFBC}") = "DistCL.Core", "DistCL.Core\DistCL.Core.csproj", "{15B3E0D2-6217-493A-A690-158C497F5318}"
EndProject
Project("{FAE04EC0-301F-11D3-BF4B-00C04F79EFBC}") = "DistCL.Utils", "DistCL.Utils\DistCL.Utils.csproj", "{C2E20A47-96D7-4057-97B9-E426AFC42B08}"
EndProject
Project("{FAE04EC0-301F-11D3-BF4B-00C04F79EFBC}") = "DistCL.ConsoleTest", "DistCL.ConsoleTest\DistCL.ConsoleTest.csproj", "{7334A69F-712C-497A-9EE0-54F518DEA6AE}"
EndProject
Global
	GlobalSection(SolutionConfigurationPlatforms) = preSolution
		Debug|Any CPU = Debug|Any CPU
		Release|Any CPU = Release|Any CPU
	EndGlobalSection
	GlobalSection(ProjectConfigurationPlatforms) = postSolution
		{8EDBCA6F-7261-487F-BC63-B5B052676E2B}.Debug|Any CPU.ActiveCfg = Debug|Any CPU
		{8EDBCA6F-7261-487F-BC63-B5B052676E2B}.Debug|Any CPU.Build.0 = Debug|Any CPU
		{8EDBCA6F-7261-487F-BC63-B5B052676E2B}.Release|Any CPU.ActiveCfg = Release|Any CPU
		{8EDBCA6F-7261-487F-BC63-B5B052676E2B}.Release|Any CPU.Build.0 = Release|Any CPU
		{766DFE57-93FF-460E-9FFB-594D8AEA897E}.Debug|Any CPU.ActiveCfg = Debug|Any CPU
		{766DFE57-93FF-460E-9FFB-594D8AEA897E}.Release|Any CPU.ActiveCfg = Release|Any CPU
		{766DFE57-93FF-460E-9FFB-594D8AEA897E}.Release|Any CPU.Build.0 = Release|Any CPU
		{15B3E0D2-6217-493A-A690-158C497F5318}.Debug|Any CPU.ActiveCfg = Debug|Any CPU
		{15B3E0D2-6217-493A-A690-158C497F5318}.Debug|Any CPU.Build.0 = Debug|Any CPU
		{15B3E0D2-6217-493A-A690-158C497F5318}.Release|Any CPU.ActiveCfg = Release|Any CPU
		{15B3E0D2-6217-493A-A690-158C497F5318}.Release|Any CPU.Build.0 = Release|Any CPU
		{C2E20A47-96D7-4057-97B9-E426AFC42B08}.Debug|Any CPU.ActiveCfg = Debug|Any CPU
		{C2E20A47-96D7-4057-97B9-E426AFC42B08}.Debug|Any CPU.Build.0 = Debug|Any CPU
		{C2E20A47-96D7-4057-97B9-E426AFC42B08}.Release|Any CPU.ActiveCfg = Release|Any CPU
		{C2E20A47-96D7-4057-97B9-E426AFC42B08}.Release|Any CPU.Build.0 = Release|Any CPU
		{7334A69F-712C-497A-9EE0-54F518DEA6AE}.Debug|Any CPU.ActiveCfg = Debug|Any CPU
		{7334A69F-712C-497A-9EE0-54F518DEA6AE}.Debug|Any CPU.Build.0 = Debug|Any CPU
		{7334A69F-712C-497A-9EE0-54F518DEA6AE}.Release|Any CPU.ActiveCfg = Release|Any CPU
		{7334A69F-712C-497A-9EE0-54F518DEA6AE}.Release|Any CPU.Build.0 = Release|Any CPU
	EndGlobalSection
	GlobalSection(SolutionProperties) = preSolution
		HideSolutionNode = FALSE
	EndGlobalSection
EndGlobal
