
Microsoft Visual Studio Solution File, Format Version 12.00
# Visual Studio 2012
Project("{FAE04EC0-301F-11D3-BF4B-00C04F79EFBC}") = "DistCL.Client", "DistCL.Client\DistCL.Client.csproj", "{8EDBCA6F-7261-487F-BC63-B5B052676E2B}"
EndProject
Project("{FAE04EC0-301F-11D3-BF4B-00C04F79EFBC}") = "DistCL.Service", "DistCL.Service\DistCL.Service.csproj", "{766DFE57-93FF-460E-9FFB-594D8AEA897E}"
EndProject
Project("{FAE04EC0-301F-11D3-BF4B-00C04F79EFBC}") = "DistCL.Core", "DistCL.Core\DistCL.Core.csproj", "{15B3E0D2-6217-493A-A690-158C497F5318}"
EndProject
Project("{FAE04EC0-301F-11D3-BF4B-00C04F79EFBC}") = "DistCL.Utils", "DistCL.Utils\DistCL.Utils.csproj", "{C2E20A47-96D7-4057-97B9-E426AFC42B08}"
EndProject
Project("{FAE04EC0-301F-11D3-BF4B-00C04F79EFBC}") = "DistCL.ConsoleTest", "DistCL.ConsoleTest\DistCL.ConsoleTest.csproj", "{7334A69F-712C-497A-9EE0-54F518DEA6AE}"
EndProject
Project("{2150E333-8FDC-42A3-9474-1A3956D46DE8}") = "Installers", "Installers", "{52341DEC-8968-4CD3-849D-58D5D95B7D55}"
EndProject
Project("{930C7802-8A8C-48F9-8165-68863BCCD9DD}") = "DistCLBundle", "Installers\DistCLBundle\DistCLBundle.wixproj", "{FFEF8E11-4748-4011-9AD2-C9BB4977FE25}"
EndProject
Project("{930C7802-8A8C-48F9-8165-68863BCCD9DD}") = "DistCLClient", "Installers\DistCLClient\DistCLClient.wixproj", "{E6990679-C5B4-4661-B4BE-DBB975D6144D}"
	ProjectSection(ProjectDependencies) = postProject
		{8EDBCA6F-7261-487F-BC63-B5B052676E2B} = {8EDBCA6F-7261-487F-BC63-B5B052676E2B}
	EndProjectSection
EndProject
Project("{930C7802-8A8C-48F9-8165-68863BCCD9DD}") = "DistCLAgent", "Installers\DistCLAgent\DistCLAgent.wixproj", "{9D3C7FB7-62D1-4E9A-B793-B7E43A0E99D3}"
EndProject
Global
	GlobalSection(SolutionConfigurationPlatforms) = preSolution
		Debug|x86 = Debug|x86
		Release|x86 = Release|x86
	EndGlobalSection
	GlobalSection(ProjectConfigurationPlatforms) = postSolution
		{8EDBCA6F-7261-487F-BC63-B5B052676E2B}.Debug|x86.ActiveCfg = Debug|x86
		{8EDBCA6F-7261-487F-BC63-B5B052676E2B}.Debug|x86.Build.0 = Debug|x86
		{8EDBCA6F-7261-487F-BC63-B5B052676E2B}.Release|x86.ActiveCfg = Release|x86
		{8EDBCA6F-7261-487F-BC63-B5B052676E2B}.Release|x86.Build.0 = Release|x86
		{766DFE57-93FF-460E-9FFB-594D8AEA897E}.Debug|x86.ActiveCfg = Debug|x86
		{766DFE57-93FF-460E-9FFB-594D8AEA897E}.Debug|x86.Build.0 = Debug|x86
		{766DFE57-93FF-460E-9FFB-594D8AEA897E}.Release|x86.ActiveCfg = Release|x86
		{766DFE57-93FF-460E-9FFB-594D8AEA897E}.Release|x86.Build.0 = Release|x86
		{15B3E0D2-6217-493A-A690-158C497F5318}.Debug|x86.ActiveCfg = Debug|x86
		{15B3E0D2-6217-493A-A690-158C497F5318}.Debug|x86.Build.0 = Debug|x86
		{15B3E0D2-6217-493A-A690-158C497F5318}.Release|x86.ActiveCfg = Release|x86
		{15B3E0D2-6217-493A-A690-158C497F5318}.Release|x86.Build.0 = Release|x86
		{C2E20A47-96D7-4057-97B9-E426AFC42B08}.Debug|x86.ActiveCfg = Debug|Any CPU
		{C2E20A47-96D7-4057-97B9-E426AFC42B08}.Debug|x86.Build.0 = Debug|Any CPU
		{C2E20A47-96D7-4057-97B9-E426AFC42B08}.Release|x86.ActiveCfg = Release|Any CPU
		{C2E20A47-96D7-4057-97B9-E426AFC42B08}.Release|x86.Build.0 = Release|Any CPU
		{7334A69F-712C-497A-9EE0-54F518DEA6AE}.Debug|x86.ActiveCfg = Debug|x86
		{7334A69F-712C-497A-9EE0-54F518DEA6AE}.Debug|x86.Build.0 = Debug|x86
		{7334A69F-712C-497A-9EE0-54F518DEA6AE}.Release|x86.ActiveCfg = Release|x86
		{7334A69F-712C-497A-9EE0-54F518DEA6AE}.Release|x86.Build.0 = Release|x86
		{FFEF8E11-4748-4011-9AD2-C9BB4977FE25}.Debug|x86.ActiveCfg = Debug|x86
		{FFEF8E11-4748-4011-9AD2-C9BB4977FE25}.Release|x86.ActiveCfg = Release|x86
		{FFEF8E11-4748-4011-9AD2-C9BB4977FE25}.Release|x86.Build.0 = Release|x86
		{E6990679-C5B4-4661-B4BE-DBB975D6144D}.Debug|x86.ActiveCfg = Debug|x86
		{E6990679-C5B4-4661-B4BE-DBB975D6144D}.Release|x86.ActiveCfg = Release|x86
		{E6990679-C5B4-4661-B4BE-DBB975D6144D}.Release|x86.Build.0 = Release|x86
		{9D3C7FB7-62D1-4E9A-B793-B7E43A0E99D3}.Debug|x86.ActiveCfg = Debug|x86
		{9D3C7FB7-62D1-4E9A-B793-B7E43A0E99D3}.Release|x86.ActiveCfg = Release|x86
		{9D3C7FB7-62D1-4E9A-B793-B7E43A0E99D3}.Release|x86.Build.0 = Release|x86
	EndGlobalSection
	GlobalSection(SolutionProperties) = preSolution
		HideSolutionNode = FALSE
	EndGlobalSection
	GlobalSection(NestedProjects) = preSolution
		{FFEF8E11-4748-4011-9AD2-C9BB4977FE25} = {52341DEC-8968-4CD3-849D-58D5D95B7D55}
		{E6990679-C5B4-4661-B4BE-DBB975D6144D} = {52341DEC-8968-4CD3-849D-58D5D95B7D55}
		{9D3C7FB7-62D1-4E9A-B793-B7E43A0E99D3} = {52341DEC-8968-4CD3-849D-58D5D95B7D55}
	EndGlobalSection
EndGlobal
